dependencies:
- name: postgresql
  repository: https://charts.bitnami.com/bitnami
  version: 11.9.10
- name: dscp-node
  repository: https://digicatapult.github.io/dscp-node/
  version: 4.2.2
digest: sha256:be8b77599e2a1ca3cc54ac9304a51b30ffdd26b4d7c6bb3a65753cbd96bc3ec6
generated: "2022-10-18T11:33:53.059608+01:00"
