dependencies:
- name: postgresql
  repository: https://charts.bitnami.com/bitnami
  version: 10.16.2
- name: vitalam-node
  repository: https://digicatapult.github.io/vitalam-node/
  version: 0.23.5
digest: sha256:3116f4e90f2819660e673fd19b811ee5c875a1cc74e22f4af789dfb6f2c0b469
generated: "2022-02-08T08:06:17.76043Z"
